
Microsoft Visual Studio Solution File, Format Version 12.00
# Visual Studio Version 16
VisualStudioVersion = 16.0.31424.327
MinimumVisualStudioVersion = 10.0.40219.1
Project("{FAE04EC0-301F-11D3-BF4B-00C04F79EFBC}") = "DllInject", "DllInject\DllInject.csproj", "{C2563825-390B-4A9B-837A-6303421BB85D}"
EndProject
Global
	GlobalSection(SolutionConfigurationPlatforms) = preSolution
		Debug|Any CPU = Debug|Any CPU
		Release|Any CPU = Release|Any CPU
	EndGlobalSection
	GlobalSection(ProjectConfigurationPlatforms) = postSolution
		{C2563825-390B-4A9B-837A-6303421BB85D}.Debug|Any CPU.ActiveCfg = Debug|Any CPU
		{C2563825-390B-4A9B-837A-6303421BB85D}.Debug|Any CPU.Build.0 = Debug|Any CPU
		{C2563825-390B-4A9B-837A-6303421BB85D}.Release|Any CPU.ActiveCfg = Release|Any CPU
		{C2563825-390B-4A9B-837A-6303421BB85D}.Release|Any CPU.Build.0 = Release|Any CPU
	EndGlobalSection
	GlobalSection(SolutionProperties) = preSolution
		HideSolutionNode = FALSE
	EndGlobalSection
	GlobalSection(ExtensibilityGlobals) = postSolution
		SolutionGuid = {033A1596-FF2F-4750-93C8-B264E7306F93}
	EndGlobalSection
EndGlobal
